
Microsoft Visual Studio Solution File, Format Version 12.00
# Visual Studio Version 17
Project("{2150E333-8FDC-42A3-9474-1A3956D46DE8}") = "CMakePredefinedTargets", "CMakePredefinedTargets", "{0A738281-C3FF-3534-AAFE-0536F1639BAC}"
EndProject
Project("{2150E333-8FDC-42A3-9474-1A3956D46DE8}") = "GLFW3", "GLFW3", "{68B47EC7-9531-3FD2-B579-154DC2C2B1B2}"
EndProject
Project("{8BC9CEB8-8B4A-11D0-8D11-00A0C91BC942}") = "ALL_BUILD", "ALL_BUILD.vcxproj", "{638AA6E0-B25F-31C6-9F53-54830D2BAF34}"
	ProjectSection(ProjectDependencies) = postProject
		{E30FDC87-7E9B-30CF-AA41-DEB1B6C9333F} = {E30FDC87-7E9B-30CF-AA41-DEB1B6C9333F}
		{1383A638-8260-3620-9B8F-7425816EE358} = {1383A638-8260-3620-9B8F-7425816EE358}
		{D7F81B2C-8095-3D3F-8F48-5D53C10264E1} = {D7F81B2C-8095-3D3F-8F48-5D53C10264E1}
		{8B4FDC29-3AC9-381D-9683-9EBED9D2A4DE} = {8B4FDC29-3AC9-381D-9683-9EBED9D2A4DE}
	EndProjectSection
EndProject
Project("{8BC9CEB8-8B4A-11D0-8D11-00A0C91BC942}") = "GLPIFrameworkIntro", "GLPIFrameworkIntro.vcxproj", "{E30FDC87-7E9B-30CF-AA41-DEB1B6C9333F}"
	ProjectSection(ProjectDependencies) = postProject
		{1383A638-8260-3620-9B8F-7425816EE358} = {1383A638-8260-3620-9B8F-7425816EE358}
		{D7F81B2C-8095-3D3F-8F48-5D53C10264E1} = {D7F81B2C-8095-3D3F-8F48-5D53C10264E1}
		{8B4FDC29-3AC9-381D-9683-9EBED9D2A4DE} = {8B4FDC29-3AC9-381D-9683-9EBED9D2A4DE}
	EndProjectSection
EndProject
Project("{8BC9CEB8-8B4A-11D0-8D11-00A0C91BC942}") = "INSTALL", "INSTALL.vcxproj", "{322EF19C-D1DE-3ECE-8246-36C0874D8AB4}"
	ProjectSection(ProjectDependencies) = postProject
		{638AA6E0-B25F-31C6-9F53-54830D2BAF34} = {638AA6E0-B25F-31C6-9F53-54830D2BAF34}
		{1383A638-8260-3620-9B8F-7425816EE358} = {1383A638-8260-3620-9B8F-7425816EE358}
	EndProjectSection
EndProject
Project("{8BC9CEB8-8B4A-11D0-8D11-00A0C91BC942}") = "ZERO_CHECK", "ZERO_CHECK.vcxproj", "{1383A638-8260-3620-9B8F-7425816EE358}"
	ProjectSection(ProjectDependencies) = postProject
	EndProjectSection
EndProject
Project("{8BC9CEB8-8B4A-11D0-8D11-00A0C91BC942}") = "glfw", "_deps\glfw-build\src\glfw.vcxproj", "{D7F81B2C-8095-3D3F-8F48-5D53C10264E1}"
	ProjectSection(ProjectDependencies) = postProject
		{1383A638-8260-3620-9B8F-7425816EE358} = {1383A638-8260-3620-9B8F-7425816EE358}
	EndProjectSection
EndProject
Project("{8BC9CEB8-8B4A-11D0-8D11-00A0C91BC942}") = "libglew_static", "_deps\glew-build\libglew_static.vcxproj", "{8B4FDC29-3AC9-381D-9683-9EBED9D2A4DE}"
	ProjectSection(ProjectDependencies) = postProject
		{1383A638-8260-3620-9B8F-7425816EE358} = {1383A638-8260-3620-9B8F-7425816EE358}
	EndProjectSection
EndProject
Project("{8BC9CEB8-8B4A-11D0-8D11-00A0C91BC942}") = "uninstall", "_deps\glfw-build\uninstall.vcxproj", "{78F0215D-FC12-391D-BF89-69E5458013B1}"
	ProjectSection(ProjectDependencies) = postProject
		{1383A638-8260-3620-9B8F-7425816EE358} = {1383A638-8260-3620-9B8F-7425816EE358}
	EndProjectSection
EndProject
Project("{8BC9CEB8-8B4A-11D0-8D11-00A0C91BC942}") = "update_mappings", "_deps\glfw-build\src\update_mappings.vcxproj", "{15C53BAB-B818-3242-9691-596AF4BE8766}"
	ProjectSection(ProjectDependencies) = postProject
		{1383A638-8260-3620-9B8F-7425816EE358} = {1383A638-8260-3620-9B8F-7425816EE358}
	EndProjectSection
EndProject
Global
	GlobalSection(SolutionConfigurationPlatforms) = preSolution
		Debug|x64 = Debug|x64
		Release|x64 = Release|x64
		MinSizeRel|x64 = MinSizeRel|x64
		RelWithDebInfo|x64 = RelWithDebInfo|x64
	EndGlobalSection
	GlobalSection(ProjectConfigurationPlatforms) = postSolution
		{638AA6E0-B25F-31C6-9F53-54830D2BAF34}.Debug|x64.ActiveCfg = Debug|x64
		{638AA6E0-B25F-31C6-9F53-54830D2BAF34}.Debug|x64.Build.0 = Debug|x64
		{638AA6E0-B25F-31C6-9F53-54830D2BAF34}.Release|x64.ActiveCfg = Release|x64
		{638AA6E0-B25F-31C6-9F53-54830D2BAF34}.Release|x64.Build.0 = Release|x64
		{638AA6E0-B25F-31C6-9F53-54830D2BAF34}.MinSizeRel|x64.ActiveCfg = MinSizeRel|x64
		{638AA6E0-B25F-31C6-9F53-54830D2BAF34}.MinSizeRel|x64.Build.0 = MinSizeRel|x64
		{638AA6E0-B25F-31C6-9F53-54830D2BAF34}.RelWithDebInfo|x64.ActiveCfg = RelWithDebInfo|x64
		{638AA6E0-B25F-31C6-9F53-54830D2BAF34}.RelWithDebInfo|x64.Build.0 = RelWithDebInfo|x64
		{E30FDC87-7E9B-30CF-AA41-DEB1B6C9333F}.Debug|x64.ActiveCfg = Debug|x64
		{E30FDC87-7E9B-30CF-AA41-DEB1B6C9333F}.Debug|x64.Build.0 = Debug|x64
		{E30FDC87-7E9B-30CF-AA41-DEB1B6C9333F}.Release|x64.ActiveCfg = Release|x64
		{E30FDC87-7E9B-30CF-AA41-DEB1B6C9333F}.Release|x64.Build.0 = Release|x64
		{E30FDC87-7E9B-30CF-AA41-DEB1B6C9333F}.MinSizeRel|x64.ActiveCfg = MinSizeRel|x64
		{E30FDC87-7E9B-30CF-AA41-DEB1B6C9333F}.MinSizeRel|x64.Build.0 = MinSizeRel|x64
		{E30FDC87-7E9B-30CF-AA41-DEB1B6C9333F}.RelWithDebInfo|x64.ActiveCfg = RelWithDebInfo|x64
		{E30FDC87-7E9B-30CF-AA41-DEB1B6C9333F}.RelWithDebInfo|x64.Build.0 = RelWithDebInfo|x64
		{322EF19C-D1DE-3ECE-8246-36C0874D8AB4}.Debug|x64.ActiveCfg = Debug|x64
		{322EF19C-D1DE-3ECE-8246-36C0874D8AB4}.Release|x64.ActiveCfg = Release|x64
		{322EF19C-D1DE-3ECE-8246-36C0874D8AB4}.MinSizeRel|x64.ActiveCfg = MinSizeRel|x64
		{322EF19C-D1DE-3ECE-8246-36C0874D8AB4}.RelWithDebInfo|x64.ActiveCfg = RelWithDebInfo|x64
		{1383A638-8260-3620-9B8F-7425816EE358}.Debug|x64.ActiveCfg = Debug|x64
		{1383A638-8260-3620-9B8F-7425816EE358}.Debug|x64.Build.0 = Debug|x64
		{1383A638-8260-3620-9B8F-7425816EE358}.Release|x64.ActiveCfg = Release|x64
		{1383A638-8260-3620-9B8F-7425816EE358}.Release|x64.Build.0 = Release|x64
		{1383A638-8260-3620-9B8F-7425816EE358}.MinSizeRel|x64.ActiveCfg = MinSizeRel|x64
		{1383A638-8260-3620-9B8F-7425816EE358}.MinSizeRel|x64.Build.0 = MinSizeRel|x64
		{1383A638-8260-3620-9B8F-7425816EE358}.RelWithDebInfo|x64.ActiveCfg = RelWithDebInfo|x64
		{1383A638-8260-3620-9B8F-7425816EE358}.RelWithDebInfo|x64.Build.0 = RelWithDebInfo|x64
		{D7F81B2C-8095-3D3F-8F48-5D53C10264E1}.Debug|x64.ActiveCfg = Debug|x64
		{D7F81B2C-8095-3D3F-8F48-5D53C10264E1}.Debug|x64.Build.0 = Debug|x64
		{D7F81B2C-8095-3D3F-8F48-5D53C10264E1}.Release|x64.ActiveCfg = Release|x64
		{D7F81B2C-8095-3D3F-8F48-5D53C10264E1}.Release|x64.Build.0 = Release|x64
		{D7F81B2C-8095-3D3F-8F48-5D53C10264E1}.MinSizeRel|x64.ActiveCfg = MinSizeRel|x64
		{D7F81B2C-8095-3D3F-8F48-5D53C10264E1}.MinSizeRel|x64.Build.0 = MinSizeRel|x64
		{D7F81B2C-8095-3D3F-8F48-5D53C10264E1}.RelWithDebInfo|x64.ActiveCfg = RelWithDebInfo|x64
		{D7F81B2C-8095-3D3F-8F48-5D53C10264E1}.RelWithDebInfo|x64.Build.0 = RelWithDebInfo|x64
		{8B4FDC29-3AC9-381D-9683-9EBED9D2A4DE}.Debug|x64.ActiveCfg = Debug|x64
		{8B4FDC29-3AC9-381D-9683-9EBED9D2A4DE}.Debug|x64.Build.0 = Debug|x64
		{8B4FDC29-3AC9-381D-9683-9EBED9D2A4DE}.Release|x64.ActiveCfg = Release|x64
		{8B4FDC29-3AC9-381D-9683-9EBED9D2A4DE}.Release|x64.Build.0 = Release|x64
		{8B4FDC29-3AC9-381D-9683-9EBED9D2A4DE}.MinSizeRel|x64.ActiveCfg = MinSizeRel|x64
		{8B4FDC29-3AC9-381D-9683-9EBED9D2A4DE}.MinSizeRel|x64.Build.0 = MinSizeRel|x64
		{8B4FDC29-3AC9-381D-9683-9EBED9D2A4DE}.RelWithDebInfo|x64.ActiveCfg = RelWithDebInfo|x64
		{8B4FDC29-3AC9-381D-9683-9EBED9D2A4DE}.RelWithDebInfo|x64.Build.0 = RelWithDebInfo|x64
		{78F0215D-FC12-391D-BF89-69E5458013B1}.Debug|x64.ActiveCfg = Debug|x64
		{78F0215D-FC12-391D-BF89-69E5458013B1}.Release|x64.ActiveCfg = Release|x64
		{78F0215D-FC12-391D-BF89-69E5458013B1}.MinSizeRel|x64.ActiveCfg = MinSizeRel|x64
		{78F0215D-FC12-391D-BF89-69E5458013B1}.RelWithDebInfo|x64.ActiveCfg = RelWithDebInfo|x64
		{15C53BAB-B818-3242-9691-596AF4BE8766}.Debug|x64.ActiveCfg = Debug|x64
		{15C53BAB-B818-3242-9691-596AF4BE8766}.Release|x64.ActiveCfg = Release|x64
		{15C53BAB-B818-3242-9691-596AF4BE8766}.MinSizeRel|x64.ActiveCfg = MinSizeRel|x64
		{15C53BAB-B818-3242-9691-596AF4BE8766}.RelWithDebInfo|x64.ActiveCfg = RelWithDebInfo|x64
	EndGlobalSection
	GlobalSection(NestedProjects) = preSolution
		{638AA6E0-B25F-31C6-9F53-54830D2BAF34} = {0A738281-C3FF-3534-AAFE-0536F1639BAC}
		{322EF19C-D1DE-3ECE-8246-36C0874D8AB4} = {0A738281-C3FF-3534-AAFE-0536F1639BAC}
		{1383A638-8260-3620-9B8F-7425816EE358} = {0A738281-C3FF-3534-AAFE-0536F1639BAC}
		{D7F81B2C-8095-3D3F-8F48-5D53C10264E1} = {68B47EC7-9531-3FD2-B579-154DC2C2B1B2}
		{78F0215D-FC12-391D-BF89-69E5458013B1} = {68B47EC7-9531-3FD2-B579-154DC2C2B1B2}
		{15C53BAB-B818-3242-9691-596AF4BE8766} = {68B47EC7-9531-3FD2-B579-154DC2C2B1B2}
	EndGlobalSection
	GlobalSection(ExtensibilityGlobals) = postSolution
		SolutionGuid = {E195514E-099E-3709-8F25-81C808778163}
	EndGlobalSection
	GlobalSection(ExtensibilityAddIns) = postSolution
	EndGlobalSection
EndGlobal
